
Microsoft Visual Studio Solution File, Format Version 12.00
# Visual Studio Version 17
VisualStudioVersion = 17.5.33530.505
MinimumVisualStudioVersion = 10.0.40219.1
Project("{FAE04EC0-301F-11D3-BF4B-00C04F79EFBC}") = "Sched", "Sched\Sched.csproj", "{F5ACA261-F652-4D25-B4CE-CE5B613EAADD}"
EndProject
Global
	GlobalSection(SolutionConfigurationPlatforms) = preSolution
		Debug|Any CPU = Debug|Any CPU
		Release|Any CPU = Release|Any CPU
	EndGlobalSection
	GlobalSection(ProjectConfigurationPlatforms) = postSolution
		{F5ACA261-F652-4D25-B4CE-CE5B613EAADD}.Debug|Any CPU.ActiveCfg = Debug|Any CPU
		{F5ACA261-F652-4D25-B4CE-CE5B613EAADD}.Debug|Any CPU.Build.0 = Debug|Any CPU
		{F5ACA261-F652-4D25-B4CE-CE5B613EAADD}.Release|Any CPU.ActiveCfg = Release|Any CPU
		{F5ACA261-F652-4D25-B4CE-CE5B613EAADD}.Release|Any CPU.Build.0 = Release|Any CPU
	EndGlobalSection
	GlobalSection(SolutionProperties) = preSolution
		HideSolutionNode = FALSE
	EndGlobalSection
	GlobalSection(ExtensibilityGlobals) = postSolution
		SolutionGuid = {E0522A4B-6662-4FA2-B465-428344B6339F}
	EndGlobalSection
EndGlobal
